
Microsoft Visual Studio Solution File, Format Version 12.00
# Visual Studio Version 16
VisualStudioVersion = 16.0.31025.194
MinimumVisualStudioVersion = 10.0.40219.1
Project("{9A19103F-16F7-4668-BE54-9A1E7A4F7556}") = "PINA", "PINA.csproj", "{3E9AC304-C9D3-405A-BFE6-E0B98405AAA8}"
EndProject
Project("{9A19103F-16F7-4668-BE54-9A1E7A4F7556}") = "OAWA.Data", "OAWA.Data\OAWA.Data.csproj", "{0A0BE75E-602D-4A1D-8EE0-7B70AFA6DADF}"
EndProject
Global
	GlobalSection(SolutionConfigurationPlatforms) = preSolution
		Debug|Any CPU = Debug|Any CPU
		Release|Any CPU = Release|Any CPU
	EndGlobalSection
	GlobalSection(ProjectConfigurationPlatforms) = postSolution
		{3E9AC304-C9D3-405A-BFE6-E0B98405AAA8}.Debug|Any CPU.ActiveCfg = Debug|Any CPU
		{3E9AC304-C9D3-405A-BFE6-E0B98405AAA8}.Debug|Any CPU.Build.0 = Debug|Any CPU
		{3E9AC304-C9D3-405A-BFE6-E0B98405AAA8}.Release|Any CPU.ActiveCfg = Release|Any CPU
		{3E9AC304-C9D3-405A-BFE6-E0B98405AAA8}.Release|Any CPU.Build.0 = Release|Any CPU
		{0A0BE75E-602D-4A1D-8EE0-7B70AFA6DADF}.Debug|Any CPU.ActiveCfg = Debug|Any CPU
		{0A0BE75E-602D-4A1D-8EE0-7B70AFA6DADF}.Debug|Any CPU.Build.0 = Debug|Any CPU
		{0A0BE75E-602D-4A1D-8EE0-7B70AFA6DADF}.Release|Any CPU.ActiveCfg = Release|Any CPU
		{0A0BE75E-602D-4A1D-8EE0-7B70AFA6DADF}.Release|Any CPU.Build.0 = Release|Any CPU
	EndGlobalSection
	GlobalSection(SolutionProperties) = preSolution
		HideSolutionNode = FALSE
	EndGlobalSection
	GlobalSection(ExtensibilityGlobals) = postSolution
		SolutionGuid = {08A20B98-260F-4ACD-A5CC-BCC70EA56CF7}
	EndGlobalSection
EndGlobal
